
Microsoft Visual Studio Solution File, Format Version 12.00
Project("{FAE04EC0-301F-11D3-BF4B-00C04F79EFBC}") = "PlatParser", "PlatParser\PlatParser.csproj", "{3BE6BE3B-AAE3-4013-A5D8-0DBA815A3148}"
EndProject
Global
	GlobalSection(SolutionConfigurationPlatforms) = preSolution
		Debug|Any CPU = Debug|Any CPU
		Release|Any CPU = Release|Any CPU
	EndGlobalSection
	GlobalSection(ProjectConfigurationPlatforms) = postSolution
		{3BE6BE3B-AAE3-4013-A5D8-0DBA815A3148}.Debug|Any CPU.ActiveCfg = Debug|Any CPU
		{3BE6BE3B-AAE3-4013-A5D8-0DBA815A3148}.Debug|Any CPU.Build.0 = Debug|Any CPU
		{3BE6BE3B-AAE3-4013-A5D8-0DBA815A3148}.Release|Any CPU.ActiveCfg = Release|Any CPU
		{3BE6BE3B-AAE3-4013-A5D8-0DBA815A3148}.Release|Any CPU.Build.0 = Release|Any CPU
	EndGlobalSection
EndGlobal
